# This file is autogenerated, do not edit; changes may be undone by the next 'dep ensure'.


[[projects]]
  branch = "master"
  name = "github.com/ericpauley/go-quantize"
  packages = ["quantize"]
  revision = "bfdbba883ede94ebcbfbcfbe3747d3d2b7fde1fb"

[[projects]]
  name = "github.com/jawher/mow.cli"
  packages = [".","internal/container","internal/flow","internal/fsm","internal/lexer","internal/matcher","internal/parser","internal/values"]
  revision = "2f22195f169da29d54624afd9eb83ada5c9e4ee9"
  version = "v1.0.4"

[[projects]]
  branch = "master"
  name = "golang.org/x/image"
  packages = ["bmp","tiff","tiff/lzw"]
  revision = "991ec62608f3c0da01d400756917825d1e2fd528"

[solve-meta]
  analyzer-name = "dep"
  analyzer-version = 1
  inputs-digest = "3edf9efa444f70817f84da6b5f9b04d4af083be37e30a6ce90f717182ffd748d"
  solver-name = "gps-cdcl"
  solver-version = 1
