# This file is autogenerated, do not edit; changes may be undone by the next 'dep ensure'.


[[projects]]
  branch = "master"
  name = "github.com/ericpauley/go-quantize"
  packages = ["quantize"]
  revision = "bfdbba883ede94ebcbfbcfbe3747d3d2b7fde1fb"

[[projects]]
  name = "github.com/fogleman/gg"
  packages = ["."]
  revision = "a9ff18eccd6d57b3c8576a71a91a04868f62078c"
  version = "v1.1.0"

[[projects]]
  name = "github.com/gobwas/glob"
  packages = [".","compiler","match","syntax","syntax/ast","syntax/lexer","util/runes","util/strings"]
  revision = "5ccd90ef52e1e632236f7326478d4faa74f99438"
  version = "v0.2.3"

[[projects]]
  branch = "master"
  name = "github.com/golang/freetype"
  packages = ["raster","truetype"]
  revision = "e2365dfdc4a05e4b8299a783240d4a7d5a65d4e4"

[[projects]]
  name = "github.com/jawher/mow.cli"
  packages = [".","internal/container","internal/flow","internal/fsm","internal/lexer","internal/matcher","internal/parser","internal/values"]
  revision = "2f22195f169da29d54624afd9eb83ada5c9e4ee9"
  version = "v1.0.4"

[[projects]]
  branch = "master"
  name = "github.com/mitchellh/colorstring"
  packages = ["."]
  revision = "8631ce90f28644f54aeedcb3e389a85174e067d1"

[[projects]]
  name = "github.com/schollz/progressbar"
  packages = ["."]
  revision = "174fa38cf3c3197ba99ada4c98deab7f79d07069"
  version = "v2.6.0"

[[projects]]
  branch = "master"
  name = "golang.org/x/image"
  packages = ["bmp","draw","font","font/basicfont","font/plan9font","math/f64","math/fixed","tiff","tiff/lzw"]
  revision = "991ec62608f3c0da01d400756917825d1e2fd528"

[[projects]]
  name = "golang.org/x/text"
  packages = ["internal/gen","internal/ucd","unicode/cldr","unicode/runenames"]
  revision = "f21a4dfb5e38f5895301dc265a8def02365cc3d0"
  version = "v0.3.0"

[solve-meta]
  analyzer-name = "dep"
  analyzer-version = 1
  inputs-digest = "e69a32d8f9ffa052fe1d3858943359c9368d4f0e1d06cd8e8e5bdb23252eafac"
  solver-name = "gps-cdcl"
  solver-version = 1
